
Microsoft Visual Studio Solution File, Format Version 12.00
# Visual Studio Version 16
VisualStudioVersion = 16.0.29306.81
MinimumVisualStudioVersion = 10.0.40219.1
Project("{9A19103F-16F7-4668-BE54-9A1E7A4F7556}") = "KABINET-WebAPI", "KABINET-WebAPI\KABINET-WebAPI.csproj", "{B3D2F9E6-D8D6-4C75-BB78-59199F75864A}"
EndProject
Project("{9A19103F-16F7-4668-BE54-9A1E7A4F7556}") = "KABINET-Common", "KABINET-Common\KABINET-Common.csproj", "{E7C18169-FF80-4E11-9690-7E9C8D6C241B}"
EndProject
Project("{2150E333-8FDC-42A3-9474-1A3956D46DE8}") = "Src", "Src", "{35C6CB33-1CDA-4F29-8B99-BFDE1557039D}"
EndProject
Project("{2150E333-8FDC-42A3-9474-1A3956D46DE8}") = "Tests", "Tests", "{66234366-B30E-41DC-A930-EB71231AEC6E}"
EndProject
Project("{2150E333-8FDC-42A3-9474-1A3956D46DE8}") = "Application", "Application", "{4DF79DA9-B3A8-48E4-BE67-9811EDA1B656}"
EndProject
Project("{2150E333-8FDC-42A3-9474-1A3956D46DE8}") = "Presentation", "Presentation", "{1864B76B-C0D3-44B4-8849-2054F9CED232}"
EndProject
Project("{2150E333-8FDC-42A3-9474-1A3956D46DE8}") = "Persistence", "Persistence", "{38E8713A-8F58-40C5-A59B-470411447DD2}"
EndProject
Project("{2150E333-8FDC-42A3-9474-1A3956D46DE8}") = "Common", "Common", "{C6B918A1-48ED-4720-B0E6-D350CA50D5B7}"
EndProject
Project("{9A19103F-16F7-4668-BE54-9A1E7A4F7556}") = "KABINET-Application", "KABINET-Application\KABINET-Application.csproj", "{D8588C98-6AA6-4313-A6A2-073346D6B025}"
EndProject
Project("{9A19103F-16F7-4668-BE54-9A1E7A4F7556}") = "KABINET-Persistence", "KABINET-Persistence\KABINET-Persistence.csproj", "{1AC48AD0-D3D1-413C-BF77-C08795DB6791}"
EndProject
Project("{2150E333-8FDC-42A3-9474-1A3956D46DE8}") = "Domain", "Domain", "{63DE6294-8B27-45C0-ACF5-7067CB201D8E}"
EndProject
Project("{FAE04EC0-301F-11D3-BF4B-00C04F79EFBC}") = "KABINET-Domain", "KABINET-Domain\KABINET-Domain.csproj", "{E45C8D18-7809-4ADD-9CA7-638BC86D5846}"
EndProject
Global
	GlobalSection(SolutionConfigurationPlatforms) = preSolution
		Debug|Any CPU = Debug|Any CPU
		Release|Any CPU = Release|Any CPU
	EndGlobalSection
	GlobalSection(ProjectConfigurationPlatforms) = postSolution
		{B3D2F9E6-D8D6-4C75-BB78-59199F75864A}.Debug|Any CPU.ActiveCfg = Debug|Any CPU
		{B3D2F9E6-D8D6-4C75-BB78-59199F75864A}.Debug|Any CPU.Build.0 = Debug|Any CPU
		{B3D2F9E6-D8D6-4C75-BB78-59199F75864A}.Release|Any CPU.ActiveCfg = Release|Any CPU
		{B3D2F9E6-D8D6-4C75-BB78-59199F75864A}.Release|Any CPU.Build.0 = Release|Any CPU
		{E7C18169-FF80-4E11-9690-7E9C8D6C241B}.Debug|Any CPU.ActiveCfg = Debug|Any CPU
		{E7C18169-FF80-4E11-9690-7E9C8D6C241B}.Debug|Any CPU.Build.0 = Debug|Any CPU
		{E7C18169-FF80-4E11-9690-7E9C8D6C241B}.Release|Any CPU.ActiveCfg = Release|Any CPU
		{E7C18169-FF80-4E11-9690-7E9C8D6C241B}.Release|Any CPU.Build.0 = Release|Any CPU
		{D8588C98-6AA6-4313-A6A2-073346D6B025}.Debug|Any CPU.ActiveCfg = Debug|Any CPU
		{D8588C98-6AA6-4313-A6A2-073346D6B025}.Debug|Any CPU.Build.0 = Debug|Any CPU
		{D8588C98-6AA6-4313-A6A2-073346D6B025}.Release|Any CPU.ActiveCfg = Release|Any CPU
		{D8588C98-6AA6-4313-A6A2-073346D6B025}.Release|Any CPU.Build.0 = Release|Any CPU
		{1AC48AD0-D3D1-413C-BF77-C08795DB6791}.Debug|Any CPU.ActiveCfg = Debug|Any CPU
		{1AC48AD0-D3D1-413C-BF77-C08795DB6791}.Debug|Any CPU.Build.0 = Debug|Any CPU
		{1AC48AD0-D3D1-413C-BF77-C08795DB6791}.Release|Any CPU.ActiveCfg = Release|Any CPU
		{1AC48AD0-D3D1-413C-BF77-C08795DB6791}.Release|Any CPU.Build.0 = Release|Any CPU
		{E45C8D18-7809-4ADD-9CA7-638BC86D5846}.Debug|Any CPU.ActiveCfg = Debug|Any CPU
		{E45C8D18-7809-4ADD-9CA7-638BC86D5846}.Debug|Any CPU.Build.0 = Debug|Any CPU
		{E45C8D18-7809-4ADD-9CA7-638BC86D5846}.Release|Any CPU.ActiveCfg = Release|Any CPU
		{E45C8D18-7809-4ADD-9CA7-638BC86D5846}.Release|Any CPU.Build.0 = Release|Any CPU
	EndGlobalSection
	GlobalSection(SolutionProperties) = preSolution
		HideSolutionNode = FALSE
	EndGlobalSection
	GlobalSection(NestedProjects) = preSolution
		{B3D2F9E6-D8D6-4C75-BB78-59199F75864A} = {1864B76B-C0D3-44B4-8849-2054F9CED232}
		{E7C18169-FF80-4E11-9690-7E9C8D6C241B} = {C6B918A1-48ED-4720-B0E6-D350CA50D5B7}
		{4DF79DA9-B3A8-48E4-BE67-9811EDA1B656} = {35C6CB33-1CDA-4F29-8B99-BFDE1557039D}
		{1864B76B-C0D3-44B4-8849-2054F9CED232} = {35C6CB33-1CDA-4F29-8B99-BFDE1557039D}
		{38E8713A-8F58-40C5-A59B-470411447DD2} = {35C6CB33-1CDA-4F29-8B99-BFDE1557039D}
		{D8588C98-6AA6-4313-A6A2-073346D6B025} = {4DF79DA9-B3A8-48E4-BE67-9811EDA1B656}
		{1AC48AD0-D3D1-413C-BF77-C08795DB6791} = {38E8713A-8F58-40C5-A59B-470411447DD2}
		{63DE6294-8B27-45C0-ACF5-7067CB201D8E} = {35C6CB33-1CDA-4F29-8B99-BFDE1557039D}
		{E45C8D18-7809-4ADD-9CA7-638BC86D5846} = {63DE6294-8B27-45C0-ACF5-7067CB201D8E}
	EndGlobalSection
	GlobalSection(ExtensibilityGlobals) = postSolution
		SolutionGuid = {1FAC4AE1-EA38-4CD0-8FFB-C34DD3EBF294}
	EndGlobalSection
EndGlobal
